Microsoft Visual Studio Solution File, Format Version 12.00
# Visual Studio Version 17
VisualStudioVersion = 17.14.36408.4
MinimumVisualStudioVersion = 10.0.40219.1
Project("{FAE04EC0-301F-11D3-BF4B-00C04F79EFBC}") = "Cleric.AppHost", "src\Cleric.AppHost\Cleric.AppHost.csproj", "{08971DC7-B786-4B47-8063-D1FC1F58DEE1}"
EndProject
Project("{FAE04EC0-301F-11D3-BF4B-00C04F79EFBC}") = "Cleric.ServiceDefaults", "src\Cleric.ServiceDefaults\Cleric.ServiceDefaults.csproj", "{9B901975-C492-42D7-787B-672981E716F4}"
EndProject
Project("{2150E333-8FDC-42A3-9474-1A3956D46DE8}") = "src", "src", "{02EA681E-C7D8-13C7-8484-4AC65E1B71E8}"
EndProject
Project("{FAE04EC0-301F-11D3-BF4B-00C04F79EFBC}") = "Cleric.Web", "..\src\Cleric\Cleric.Web\Cleric.Web.csproj", "{590F66B3-F2B9-8445-C88F-E2EFE9D6E928}"
EndProject
Project("{FAE04EC0-301F-11D3-BF4B-00C04F79EFBC}") = "Cleric.Core", "src\Cleric.Core\Cleric.Core.csproj", "{C7633C5C-DBAE-4AB3-B436-121851D9057C}"
EndProject
Project("{FAE04EC0-301F-11D3-BF4B-00C04F79EFBC}") = "Cleric.Features", "src\Cleric.Features\Cleric.Features.csproj", "{FC074AC5-9F4B-4E9F-94AB-2197F5CCC209}"
EndProject
Global
	GlobalSection(SolutionConfigurationPlatforms) = preSolution
		Debug|Any CPU = Debug|Any CPU
		Release|Any CPU = Release|Any CPU
	EndGlobalSection
	GlobalSection(ProjectConfigurationPlatforms) = postSolution
		{08971DC7-B786-4B47-8063-D1FC1F58DEE1}.Debug|Any CPU.ActiveCfg = Debug|Any CPU
		{08971DC7-B786-4B47-8063-D1FC1F58DEE1}.Debug|Any CPU.Build.0 = Debug|Any CPU
		{08971DC7-B786-4B47-8063-D1FC1F58DEE1}.Release|Any CPU.ActiveCfg = Release|Any CPU
		{08971DC7-B786-4B47-8063-D1FC1F58DEE1}.Release|Any CPU.Build.0 = Release|Any CPU
		{9B901975-C492-42D7-787B-672981E716F4}.Debug|Any CPU.ActiveCfg = Debug|Any CPU
		{9B901975-C492-42D7-787B-672981E716F4}.Debug|Any CPU.Build.0 = Debug|Any CPU
		{9B901975-C492-42D7-787B-672981E716F4}.Release|Any CPU.ActiveCfg = Release|Any CPU
		{9B901975-C492-42D7-787B-672981E716F4}.Release|Any CPU.Build.0 = Release|Any CPU
		{590F66B3-F2B9-8445-C88F-E2EFE9D6E928}.Debug|Any CPU.ActiveCfg = Debug|Any CPU
		{590F66B3-F2B9-8445-C88F-E2EFE9D6E928}.Debug|Any CPU.Build.0 = Debug|Any CPU
		{590F66B3-F2B9-8445-C88F-E2EFE9D6E928}.Release|Any CPU.ActiveCfg = Release|Any CPU
		{590F66B3-F2B9-8445-C88F-E2EFE9D6E928}.Release|Any CPU.Build.0 = Release|Any CPU
		{C7633C5C-DBAE-4AB3-B436-121851D9057C}.Debug|Any CPU.ActiveCfg = Debug|Any CPU
		{C7633C5C-DBAE-4AB3-B436-121851D9057C}.Debug|Any CPU.Build.0 = Debug|Any CPU
		{C7633C5C-DBAE-4AB3-B436-121851D9057C}.Release|Any CPU.ActiveCfg = Release|Any CPU
		{C7633C5C-DBAE-4AB3-B436-121851D9057C}.Release|Any CPU.Build.0 = Release|Any CPU
		{FC074AC5-9F4B-4E9F-94AB-2197F5CCC209}.Debug|Any CPU.ActiveCfg = Debug|Any CPU
		{FC074AC5-9F4B-4E9F-94AB-2197F5CCC209}.Debug|Any CPU.Build.0 = Debug|Any CPU
		{FC074AC5-9F4B-4E9F-94AB-2197F5CCC209}.Release|Any CPU.ActiveCfg = Release|Any CPU
		{FC074AC5-9F4B-4E9F-94AB-2197F5CCC209}.Release|Any CPU.Build.0 = Release|Any CPU
	EndGlobalSection
	GlobalSection(SolutionProperties) = preSolution
		HideSolutionNode = FALSE
	EndGlobalSection
	GlobalSection(NestedProjects) = preSolution
		{08971DC7-B786-4B47-8063-D1FC1F58DEE1} = {02EA681E-C7D8-13C7-8484-4AC65E1B71E8}
		{9B901975-C492-42D7-787B-672981E716F4} = {02EA681E-C7D8-13C7-8484-4AC65E1B71E8}
		{590F66B3-F2B9-8445-C88F-E2EFE9D6E928} = {02EA681E-C7D8-13C7-8484-4AC65E1B71E8}
		{C7633C5C-DBAE-4AB3-B436-121851D9057C} = {02EA681E-C7D8-13C7-8484-4AC65E1B71E8}
		{FC074AC5-9F4B-4E9F-94AB-2197F5CCC209} = {02EA681E-C7D8-13C7-8484-4AC65E1B71E8}
	EndGlobalSection
	GlobalSection(ExtensibilityGlobals) = postSolution
		SolutionGuid = {ECC34670-287B-4D4E-8F1F-DFE7B92D55CD}
	EndGlobalSection
EndGlobal
