Microsoft Visual Studio Solution File, Format Version 12.00
# Visual Studio Version 17
VisualStudioVersion = 17.14.36408.4
MinimumVisualStudioVersion = 10.0.40219.1
Project("{FAE04EC0-301F-11D3-BF4B-00C04F79EFBC}") = "Cleric.AppHost", "src\Cleric.AppHost\Cleric.AppHost.csproj", "{08971DC7-B786-4B47-8063-D1FC1F58DEE1}"
EndProject
Project("{FAE04EC0-301F-11D3-BF4B-00C04F79EFBC}") = "Cleric.ServiceDefaults", "src\Cleric.ServiceDefaults\Cleric.ServiceDefaults.csproj", "{9B901975-C492-42D7-787B-672981E716F4}"
EndProject
Project("{2150E333-8FDC-42A3-9474-1A3956D46DE8}") = "src", "src", "{02EA681E-C7D8-13C7-8484-4AC65E1B71E8}"
EndProject
Project("{FAE04EC0-301F-11D3-BF4B-00C04F79EFBC}") = "Cleric.Core", "src\Cleric.Core\Cleric.Core.csproj", "{C7633C5C-DBAE-4AB3-B436-121851D9057C}"
EndProject
Project("{FAE04EC0-301F-11D3-BF4B-00C04F79EFBC}") = "Cleric.Features", "src\Cleric.Features\Cleric.Features.csproj", "{FC074AC5-9F4B-4E9F-94AB-2197F5CCC209}"
EndProject
Project("{2150E333-8FDC-42A3-9474-1A3956D46DE8}") = "tests", "tests", "{71A68392-BF95-4ACE-9DB5-377DD27E41CC}"
EndProject
Project("{FAE04EC0-301F-11D3-BF4B-00C04F79EFBC}") = "Cleric.Web", "src\Cleric.Web\Cleric.Web.csproj", "{4ADD7320-CBC8-7CAF-7286-A0DAB0586328}"
EndProject
Project("{FAE04EC0-301F-11D3-BF4B-00C04F79EFBC}") = "Cleric.UnitTests", "tests\Cleric.UnitTests\Cleric.UnitTests.csproj", "{2D1C8179-CA7A-47BD-A547-BA958E7A5213}"
EndProject
Project("{FAE04EC0-301F-11D3-BF4B-00C04F79EFBC}") = "Cleric.Database", "src\Cleric.Database\Cleric.Database.csproj", "{4E654257-985B-4387-A688-A0FA427C9B45}"
EndProject
Global
	GlobalSection(SolutionConfigurationPlatforms) = preSolution
		Debug|Any CPU = Debug|Any CPU
		Release|Any CPU = Release|Any CPU
	EndGlobalSection
	GlobalSection(ProjectConfigurationPlatforms) = postSolution
		{08971DC7-B786-4B47-8063-D1FC1F58DEE1}.Debug|Any CPU.ActiveCfg = Debug|Any CPU
		{08971DC7-B786-4B47-8063-D1FC1F58DEE1}.Debug|Any CPU.Build.0 = Debug|Any CPU
		{08971DC7-B786-4B47-8063-D1FC1F58DEE1}.Release|Any CPU.ActiveCfg = Release|Any CPU
		{08971DC7-B786-4B47-8063-D1FC1F58DEE1}.Release|Any CPU.Build.0 = Release|Any CPU
		{9B901975-C492-42D7-787B-672981E716F4}.Debug|Any CPU.ActiveCfg = Debug|Any CPU
		{9B901975-C492-42D7-787B-672981E716F4}.Debug|Any CPU.Build.0 = Debug|Any CPU
		{9B901975-C492-42D7-787B-672981E716F4}.Release|Any CPU.ActiveCfg = Release|Any CPU
		{9B901975-C492-42D7-787B-672981E716F4}.Release|Any CPU.Build.0 = Release|Any CPU
		{C7633C5C-DBAE-4AB3-B436-121851D9057C}.Debug|Any CPU.ActiveCfg = Debug|Any CPU
		{C7633C5C-DBAE-4AB3-B436-121851D9057C}.Debug|Any CPU.Build.0 = Debug|Any CPU
		{C7633C5C-DBAE-4AB3-B436-121851D9057C}.Release|Any CPU.ActiveCfg = Release|Any CPU
		{C7633C5C-DBAE-4AB3-B436-121851D9057C}.Release|Any CPU.Build.0 = Release|Any CPU
		{FC074AC5-9F4B-4E9F-94AB-2197F5CCC209}.Debug|Any CPU.ActiveCfg = Debug|Any CPU
		{FC074AC5-9F4B-4E9F-94AB-2197F5CCC209}.Debug|Any CPU.Build.0 = Debug|Any CPU
		{FC074AC5-9F4B-4E9F-94AB-2197F5CCC209}.Release|Any CPU.ActiveCfg = Release|Any CPU
		{FC074AC5-9F4B-4E9F-94AB-2197F5CCC209}.Release|Any CPU.Build.0 = Release|Any CPU
		{4ADD7320-CBC8-7CAF-7286-A0DAB0586328}.Debug|Any CPU.ActiveCfg = Debug|Any CPU
		{4ADD7320-CBC8-7CAF-7286-A0DAB0586328}.Debug|Any CPU.Build.0 = Debug|Any CPU
		{4ADD7320-CBC8-7CAF-7286-A0DAB0586328}.Release|Any CPU.ActiveCfg = Release|Any CPU
		{4ADD7320-CBC8-7CAF-7286-A0DAB0586328}.Release|Any CPU.Build.0 = Release|Any CPU
		{2D1C8179-CA7A-47BD-A547-BA958E7A5213}.Debug|Any CPU.ActiveCfg = Debug|Any CPU
		{2D1C8179-CA7A-47BD-A547-BA958E7A5213}.Debug|Any CPU.Build.0 = Debug|Any CPU
		{2D1C8179-CA7A-47BD-A547-BA958E7A5213}.Release|Any CPU.ActiveCfg = Release|Any CPU
		{2D1C8179-CA7A-47BD-A547-BA958E7A5213}.Release|Any CPU.Build.0 = Release|Any CPU
		{4E654257-985B-4387-A688-A0FA427C9B45}.Debug|Any CPU.ActiveCfg = Debug|Any CPU
		{4E654257-985B-4387-A688-A0FA427C9B45}.Debug|Any CPU.Build.0 = Debug|Any CPU
		{4E654257-985B-4387-A688-A0FA427C9B45}.Release|Any CPU.ActiveCfg = Release|Any CPU
		{4E654257-985B-4387-A688-A0FA427C9B45}.Release|Any CPU.Build.0 = Release|Any CPU
	EndGlobalSection
	GlobalSection(SolutionProperties) = preSolution
		HideSolutionNode = FALSE
	EndGlobalSection
	GlobalSection(NestedProjects) = preSolution
		{08971DC7-B786-4B47-8063-D1FC1F58DEE1} = {02EA681E-C7D8-13C7-8484-4AC65E1B71E8}
		{9B901975-C492-42D7-787B-672981E716F4} = {02EA681E-C7D8-13C7-8484-4AC65E1B71E8}
		{C7633C5C-DBAE-4AB3-B436-121851D9057C} = {02EA681E-C7D8-13C7-8484-4AC65E1B71E8}
		{FC074AC5-9F4B-4E9F-94AB-2197F5CCC209} = {02EA681E-C7D8-13C7-8484-4AC65E1B71E8}
		{4ADD7320-CBC8-7CAF-7286-A0DAB0586328} = {02EA681E-C7D8-13C7-8484-4AC65E1B71E8}
		{2D1C8179-CA7A-47BD-A547-BA958E7A5213} = {71A68392-BF95-4ACE-9DB5-377DD27E41CC}
		{4E654257-985B-4387-A688-A0FA427C9B45} = {02EA681E-C7D8-13C7-8484-4AC65E1B71E8}
	EndGlobalSection
	GlobalSection(ExtensibilityGlobals) = postSolution
		SolutionGuid = {ECC34670-287B-4D4E-8F1F-DFE7B92D55CD}
	EndGlobalSection
EndGlobal
